# THIS IS AN AUTOGENERATED FILE. DO NOT EDIT THIS FILE DIRECTLY.
# yarn lockfile v1


base64-js@^1.1.2:
  version "1.3.0"
  resolved "https://registry.yarnpkg.com/base64-js/-/base64-js-1.3.0.tgz#cab1e6118f051095e58b5281aea8c1cd22bfc0e3"
  integrity sha512-ccav/yGvoa80BQDljCxsmmQ3Xvx60/UpBIij5QN21W3wBi/hhIC9OoO+KLpu9IJTS9j4DRVJ3aDDF9cMSoa2lw==

encoding@^0.1.11:
  version "0.1.12"
  resolved "https://registry.yarnpkg.com/encoding/-/encoding-0.1.12.tgz#538b66f3ee62cd1ab51ec323829d1f9480c74beb"
  integrity sha1-U4tm8+5izRq1HsMjgp0flIDHS+s=
  dependencies:
    iconv-lite "~0.4.13"

iconv-lite@~0.4.13:
  version "0.4.24"
  resolved "https://registry.yarnpkg.com/iconv-lite/-/iconv-lite-0.4.24.tgz#2022b4b25fbddc21d2f524974a474aafe733908b"
  integrity sha512-v3MXnZAcvnywkTUEZomIActle7RXXeedOR31wwl7VlyoXO4Qi9arvSenNQWne1TcRwhCL1HwLI21bEqdpj8/rA==
  dependencies:
    safer-buffer ">= 2.1.2 < 3"

is-promise@^2.1.0:
  version "2.1.0"
  resolved "https://registry.yarnpkg.com/is-promise/-/is-promise-2.1.0.tgz#79a2a9ece7f096e80f36d2b2f3bc16c1ff4bf3fa"
  integrity sha1-eaKp7OfwlugPNtKy87wWwf9L8/o=

is-stream@^1.0.1:
  version "1.1.0"
  resolved "https://registry.yarnpkg.com/is-stream/-/is-stream-1.1.0.tgz#12d4a3dd4e68e0b79ceb8dbc84173ae80d91ca44"
  integrity sha1-EtSj3U5o4Lec6428hBc66A2RykQ=

network-address@^1.1.0:
  version "1.1.2"
  resolved "https://registry.yarnpkg.com/network-address/-/network-address-1.1.2.tgz#4aa7bfd43f03f0b81c9702b13d6a858ddb326f3e"
  integrity sha1-Sqe/1D8D8LgclwKxPWqFjdsybz4=

node-fetch@^1.5.3:
  version "1.7.3"
  resolved "https://registry.yarnpkg.com/node-fetch/-/node-fetch-1.7.3.tgz#980f6f72d85211a5347c6b2bc18c5b84c3eb47ef"
  integrity sha512-NhZ4CsKx7cYm2vSrBAr2PvFOe6sWDf0UYLRqA6svUYg7+/TSfVAu49jYC4BvQ4Sms9SZgdqGBgroqfDhJdTyKQ==
  dependencies:
    encoding "^0.1.11"
    is-stream "^1.0.1"

"safer-buffer@>= 2.1.2 < 3":
  version "2.1.2"
  resolved "https://registry.yarnpkg.com/safer-buffer/-/safer-buffer-2.1.2.tgz#44fa161b0187b9549dd84bb91802f9bd8385cd6a"
  integrity sha512-YZo3K82SD7Riyi0E1EQPojLz7kpepnSQI9IyPbHHg1XXXevb5dJI7tpyN2ADxGcQbHG7vcyRHk0cbwqcQriUtg==

zipkin-transport-http@^0.14.3:
  version "0.14.3"
  resolved "https://registry.yarnpkg.com/zipkin-transport-http/-/zipkin-transport-http-0.14.3.tgz#3655c84bb9ee1636ec8ae518ef8988854d756028"
  integrity sha512-rSqU1Lqx/INSGqOJA7cw3nqHW61S8qHKFqNdF6FWhljJs1Xfq9wtqtsrm53OZ9uFOlleZpPbmXN2YNaq4MhKMg==
  dependencies:
    node-fetch "^1.5.3"

zipkin@^0.14.3:
  version "0.14.3"
  resolved "https://registry.yarnpkg.com/zipkin/-/zipkin-0.14.3.tgz#58ff9d4f22a11c8d852455f523e763c7a70cfaba"
  integrity sha512-G+25OW8f/CIZaX9bzK9lVcg4/CXoBWw4hTDfvOoYDhCSpOSMFpI+2J3jl+rnALsf9v+7Z243PUS8lU/hZK+4ZA==
  dependencies:
    base64-js "^1.1.2"
    is-promise "^2.1.0"
    network-address "^1.1.0"
